
Microsoft Visual Studio Solution File, Format Version 12.00
# Visual Studio Version 17
VisualStudioVersion = 17.4.33205.214
MinimumVisualStudioVersion = 10.0.40219.1
Project("{9A19103F-16F7-4668-BE54-9A1E7A4F7556}") = "BasicMathLab", "BasicMathLab.csproj", "{EB15E2A9-29E4-4DF9-9767-6C444F827E94}"
EndProject
Project("{9A19103F-16F7-4668-BE54-9A1E7A4F7556}") = "BasicMathLab.Tests", "..\BasicMathLab.Tests\BasicMathLab.Tests.csproj", "{A1167BB2-0735-4BD8-B96C-2994A0DF8B4B}"
EndProject
Global
	GlobalSection(SolutionConfigurationPlatforms) = preSolution
		Debug|Any CPU = Debug|Any CPU
		Release|Any CPU = Release|Any CPU
	EndGlobalSection
	GlobalSection(ProjectConfigurationPlatforms) = postSolution
		{EB15E2A9-29E4-4DF9-9767-6C444F827E94}.Debug|Any CPU.ActiveCfg = Debug|Any CPU
		{EB15E2A9-29E4-4DF9-9767-6C444F827E94}.Debug|Any CPU.Build.0 = Debug|Any CPU
		{EB15E2A9-29E4-4DF9-9767-6C444F827E94}.Release|Any CPU.ActiveCfg = Release|Any CPU
		{EB15E2A9-29E4-4DF9-9767-6C444F827E94}.Release|Any CPU.Build.0 = Release|Any CPU
		{A1167BB2-0735-4BD8-B96C-2994A0DF8B4B}.Debug|Any CPU.ActiveCfg = Debug|Any CPU
		{A1167BB2-0735-4BD8-B96C-2994A0DF8B4B}.Debug|Any CPU.Build.0 = Debug|Any CPU
		{A1167BB2-0735-4BD8-B96C-2994A0DF8B4B}.Release|Any CPU.ActiveCfg = Release|Any CPU
		{A1167BB2-0735-4BD8-B96C-2994A0DF8B4B}.Release|Any CPU.Build.0 = Release|Any CPU
	EndGlobalSection
	GlobalSection(SolutionProperties) = preSolution
		HideSolutionNode = FALSE
	EndGlobalSection
	GlobalSection(ExtensibilityGlobals) = postSolution
		SolutionGuid = {E08DCDA2-6E5B-4FC0-AA7C-91F6105897AC}
	EndGlobalSection
EndGlobal
